
Microsoft Visual Studio Solution File, Format Version 12.00
# Visual Studio Version 16
VisualStudioVersion = 16.0.31205.134
MinimumVisualStudioVersion = 10.0.40219.1
Project("{FAE04EC0-301F-11D3-BF4B-00C04F79EFBC}") = "RascetaKafe.UI", "RascetaKafeUI\RascetaKafe.UI.csproj", "{1E128595-0353-4B20-BE7A-E30141EED223}"
EndProject
Project("{FAE04EC0-301F-11D3-BF4B-00C04F79EFBC}") = "RascetaKafe.Data", "RascetaKafe.Data\RascetaKafe.Data.csproj", "{4037AFE6-53E0-49FE-B330-43F77AD70CF5}"
EndProject
Global
	GlobalSection(SolutionConfigurationPlatforms) = preSolution
		Debug|Any CPU = Debug|Any CPU
		Release|Any CPU = Release|Any CPU
	EndGlobalSection
	GlobalSection(ProjectConfigurationPlatforms) = postSolution
		{1E128595-0353-4B20-BE7A-E30141EED223}.Debug|Any CPU.ActiveCfg = Debug|Any CPU
		{1E128595-0353-4B20-BE7A-E30141EED223}.Debug|Any CPU.Build.0 = Debug|Any CPU
		{1E128595-0353-4B20-BE7A-E30141EED223}.Release|Any CPU.ActiveCfg = Release|Any CPU
		{1E128595-0353-4B20-BE7A-E30141EED223}.Release|Any CPU.Build.0 = Release|Any CPU
		{4037AFE6-53E0-49FE-B330-43F77AD70CF5}.Debug|Any CPU.ActiveCfg = Debug|Any CPU
		{4037AFE6-53E0-49FE-B330-43F77AD70CF5}.Debug|Any CPU.Build.0 = Debug|Any CPU
		{4037AFE6-53E0-49FE-B330-43F77AD70CF5}.Release|Any CPU.ActiveCfg = Release|Any CPU
		{4037AFE6-53E0-49FE-B330-43F77AD70CF5}.Release|Any CPU.Build.0 = Release|Any CPU
	EndGlobalSection
	GlobalSection(SolutionProperties) = preSolution
		HideSolutionNode = FALSE
	EndGlobalSection
	GlobalSection(ExtensibilityGlobals) = postSolution
		SolutionGuid = {F3D5A393-F425-4623-A831-E0C59408B93F}
	EndGlobalSection
EndGlobal
